// !$*UTF8*$!
{
	archiveVersion = 1;
	classes = {
	};
	objectVersion = 56;
	objects = {

/* Begin PBXBuildFile section */
		9B3526892A44EEB200FFD50F /* main.cpp in Sources */ = {isa = PBXBuildFile; fileRef = 9B3526872A44EEB200FFD50F /* main.cpp */; };
		9B35269E2A4B1C6F00FFD50F /* main.cpp in Sources */ = {isa = PBXBuildFile; fileRef = 9B35269D2A4B1C6F00FFD50F /* main.cpp */; };
		9B3526A22A4C70AE00FFD50F /* main.cpp in Sources */ = {isa = PBXBuildFile; fileRef = 9B3526A12A4C70AE00FFD50F /* main.cpp */; };
		9B3526EE2A52339A00FFD50F /* main.cpp in Sources */ = {isa = PBXBuildFile; fileRef = 9B3526ED2A52339A00FFD50F /* main.cpp */; };
		9B3527032A53219000FFD50F /* play.cpp in Sources */ = {isa = PBXBuildFile; fileRef = 9B3527022A53219000FFD50F /* play.cpp */; };
		9B3527072A5321C200FFD50F /* main.cpp in Sources */ = {isa = PBXBuildFile; fileRef = 9B3527062A5321C200FFD50F /* main.cpp */; };
		9B35270A2A532E0700FFD50F /* main.cpp in Sources */ = {isa = PBXBuildFile; fileRef = 9B3527092A532E0700FFD50F /* main.cpp */; };
		9B3AE22E2A43FBC700FB9EB6 /* main.cpp in Sources */ = {isa = PBXBuildFile; fileRef = 9B3AE22D2A43FBC700FB9EB6 /* main.cpp */; };
		9B3AE2452A4407AA00FB9EB6 /* main.cpp in Sources */ = {isa = PBXBuildFile; fileRef = 9B3AE2432A4407AA00FB9EB6 /* main.cpp */; };
		9B3AE2482A440B2A00FB9EB6 /* main.cpp in Sources */ = {isa = PBXBuildFile; fileRef = 9B3AE2472A440B2A00FB9EB6 /* main.cpp */; };
		9B3AE24A2A440B5800FB9EB6 /* format.cpp in Sources */ = {isa = PBXBuildFile; fileRef = 9B3AE2492A440B5800FB9EB6 /* format.cpp */; };
		9B3AE2502A440DDC00FB9EB6 /* main.cpp in Sources */ = {isa = PBXBuildFile; fileRef = 9B3AE24E2A440DDC00FB9EB6 /* main.cpp */; };
		9B71682B2A5D134C00BCFF2F /* main.cpp in Sources */ = {isa = PBXBuildFile; fileRef = 9B7168292A5D134C00BCFF2F /* main.cpp */; };
		9B71682D2A5D1E9F00BCFF2F /* string.cpp in Sources */ = {isa = PBXBuildFile; fileRef = 9B71682C2A5D1E9F00BCFF2F /* string.cpp */; };
		9B7168362A60B4E600BCFF2F /* main.cpp in Sources */ = {isa = PBXBuildFile; fileRef = 9B7168352A60B4E600BCFF2F /* main.cpp */; };
		9B7168392A60B51A00BCFF2F /* lotto.cpp in Sources */ = {isa = PBXBuildFile; fileRef = 9B7168372A60B51A00BCFF2F /* lotto.cpp */; };
		9B7168412A64BAE200BCFF2F /* seats.cpp in Sources */ = {isa = PBXBuildFile; fileRef = 9B71683F2A64BAE200BCFF2F /* seats.cpp */; };
		9B7168432A64BAEF00BCFF2F /* main.cpp in Sources */ = {isa = PBXBuildFile; fileRef = 9B7168422A64BAEF00BCFF2F /* main.cpp */; };
		9B7168482A64BB3200BCFF2F /* circle.cpp in Sources */ = {isa = PBXBuildFile; fileRef = 9B7168462A64BB3200BCFF2F /* circle.cpp */; };
		9B71684A2A64BB3D00BCFF2F /* main.cpp in Sources */ = {isa = PBXBuildFile; fileRef = 9B7168492A64BB3D00BCFF2F /* main.cpp */; };
		9B71684E2A64BB5900BCFF2F /* employee.cpp in Sources */ = {isa = PBXBuildFile; fileRef = 9B71684C2A64BB5900BCFF2F /* employee.cpp */; };
		9B7168502A64BB6300BCFF2F /* employeeTest.cpp in Sources */ = {isa = PBXBuildFile; fileRef = 9B71684F2A64BB6300BCFF2F /* employeeTest.cpp */; };
		9B7168542A64BB8E00BCFF2F /* Stats.cpp in Sources */ = {isa = PBXBuildFile; fileRef = 9B7168522A64BB8E00BCFF2F /* Stats.cpp */; };
		9B7168562A64BBA800BCFF2F /* rainfall.cpp in Sources */ = {isa = PBXBuildFile; fileRef = 9B7168552A64BBA800BCFF2F /* rainfall.cpp */; };
		9B7168582A66011400BCFF2F /* umlDiagram.cpp in Sources */ = {isa = PBXBuildFile; fileRef = 9B7168572A66011400BCFF2F /* umlDiagram.cpp */; };
		9B71685A2A6604A400BCFF2F /* umlDiagram.cpp in Sources */ = {isa = PBXBuildFile; fileRef = 9B7168592A6604A400BCFF2F /* umlDiagram.cpp */; };
/* End PBXBuildFile section */

/* Begin PBXCopyFilesBuildPhase section */
		9B3AE2282A43FBC700FB9EB6 /* CopyFiles */ = {
			isa = PBXCopyFilesBuildPhase;
			buildActionMask = 2147483647;
			dstPath = /usr/share/man/man1/;
			dstSubfolderSpec = 0;
			files = (
			);
			runOnlyForDeploymentPostprocessing = 1;
		};
/* End PBXCopyFilesBuildPhase section */

/* Begin PBXFileReference section */
		9B3526872A44EEB200FFD50F /* main.cpp */ = {isa = PBXFileReference; lastKnownFileType = sourcecode.cpp.cpp; path = main.cpp; sourceTree = "<group>"; };
		9B35269D2A4B1C6F00FFD50F /* main.cpp */ = {isa = PBXFileReference; lastKnownFileType = sourcecode.cpp.cpp; path = main.cpp; sourceTree = "<group>"; };
		9B3526A12A4C70AE00FFD50F /* main.cpp */ = {isa = PBXFileReference; lastKnownFileType = sourcecode.cpp.cpp; path = main.cpp; sourceTree = "<group>"; };
		9B3526ED2A52339A00FFD50F /* main.cpp */ = {isa = PBXFileReference; lastKnownFileType = sourcecode.cpp.cpp; path = main.cpp; sourceTree = "<group>"; };
		9B3527022A53219000FFD50F /* play.cpp */ = {isa = PBXFileReference; lastKnownFileType = sourcecode.cpp.cpp; path = play.cpp; sourceTree = "<group>"; };
		9B3527062A5321C200FFD50F /* main.cpp */ = {isa = PBXFileReference; lastKnownFileType = sourcecode.cpp.cpp; path = main.cpp; sourceTree = "<group>"; };
		9B3527082A532CFA00FFD50F /* play.h */ = {isa = PBXFileReference; lastKnownFileType = sourcecode.c.h; path = play.h; sourceTree = "<group>"; };
		9B3527092A532E0700FFD50F /* main.cpp */ = {isa = PBXFileReference; lastKnownFileType = sourcecode.cpp.cpp; path = main.cpp; sourceTree = "<group>"; };
		9B3AE22A2A43FBC700FB9EB6 /* labs */ = {isa = PBXFileReference; explicitFileType = "compiled.mach-o.executable"; includeInIndex = 0; path = labs; sourceTree = BUILT_PRODUCTS_DIR; };
		9B3AE22D2A43FBC700FB9EB6 /* main.cpp */ = {isa = PBXFileReference; lastKnownFileType = sourcecode.cpp.cpp; path = main.cpp; sourceTree = "<group>"; };
		9B3AE2432A4407AA00FB9EB6 /* main.cpp */ = {isa = PBXFileReference; lastKnownFileType = sourcecode.cpp.cpp; path = main.cpp; sourceTree = "<group>"; };
		9B3AE2472A440B2A00FB9EB6 /* main.cpp */ = {isa = PBXFileReference; lastKnownFileType = sourcecode.cpp.cpp; path = main.cpp; sourceTree = "<group>"; };
		9B3AE2492A440B5800FB9EB6 /* format.cpp */ = {isa = PBXFileReference; lastKnownFileType = sourcecode.cpp.cpp; path = format.cpp; sourceTree = "<group>"; };
		9B3AE24E2A440DDC00FB9EB6 /* main.cpp */ = {isa = PBXFileReference; lastKnownFileType = sourcecode.cpp.cpp; path = main.cpp; sourceTree = "<group>"; };
		9B7168292A5D134C00BCFF2F /* main.cpp */ = {isa = PBXFileReference; lastKnownFileType = sourcecode.cpp.cpp; path = main.cpp; sourceTree = "<group>"; };
		9B71682A2A5D134C00BCFF2F /* string.h */ = {isa = PBXFileReference; lastKnownFileType = sourcecode.c.h; path = string.h; sourceTree = "<group>"; };
		9B71682C2A5D1E9F00BCFF2F /* string.cpp */ = {isa = PBXFileReference; lastKnownFileType = sourcecode.cpp.cpp; path = string.cpp; sourceTree = "<group>"; };
		9B7168352A60B4E600BCFF2F /* main.cpp */ = {isa = PBXFileReference; lastKnownFileType = sourcecode.cpp.cpp; path = main.cpp; sourceTree = "<group>"; };
		9B7168372A60B51A00BCFF2F /* lotto.cpp */ = {isa = PBXFileReference; lastKnownFileType = sourcecode.cpp.cpp; path = lotto.cpp; sourceTree = "<group>"; };
		9B7168382A60B51A00BCFF2F /* lotto.h */ = {isa = PBXFileReference; lastKnownFileType = sourcecode.c.h; path = lotto.h; sourceTree = "<group>"; };
		9B71683F2A64BAE200BCFF2F /* seats.cpp */ = {isa = PBXFileReference; lastKnownFileType = sourcecode.cpp.cpp; path = seats.cpp; sourceTree = "<group>"; };
		9B7168402A64BAE200BCFF2F /* seats.h */ = {isa = PBXFileReference; lastKnownFileType = sourcecode.c.h; path = seats.h; sourceTree = "<group>"; };
		9B7168422A64BAEF00BCFF2F /* main.cpp */ = {isa = PBXFileReference; lastKnownFileType = sourcecode.cpp.cpp; path = main.cpp; sourceTree = "<group>"; };
		9B7168462A64BB3200BCFF2F /* circle.cpp */ = {isa = PBXFileReference; lastKnownFileType = sourcecode.cpp.cpp; path = circle.cpp; sourceTree = "<group>"; };
		9B7168472A64BB3200BCFF2F /* circle.h */ = {isa = PBXFileReference; lastKnownFileType = sourcecode.c.h; path = circle.h; sourceTree = "<group>"; };
		9B7168492A64BB3D00BCFF2F /* main.cpp */ = {isa = PBXFileReference; lastKnownFileType = sourcecode.cpp.cpp; path = main.cpp; sourceTree = "<group>"; };
		9B71684C2A64BB5900BCFF2F /* employee.cpp */ = {isa = PBXFileReference; lastKnownFileType = sourcecode.cpp.cpp; path = employee.cpp; sourceTree = "<group>"; };
		9B71684D2A64BB5900BCFF2F /* employee.h */ = {isa = PBXFileReference; lastKnownFileType = sourcecode.c.h; path = employee.h; sourceTree = "<group>"; };
		9B71684F2A64BB6300BCFF2F /* employeeTest.cpp */ = {isa = PBXFileReference; lastKnownFileType = sourcecode.cpp.cpp; path = employeeTest.cpp; sourceTree = "<group>"; };
		9B7168522A64BB8E00BCFF2F /* Stats.cpp */ = {isa = PBXFileReference; lastKnownFileType = sourcecode.cpp.cpp; path = Stats.cpp; sourceTree = "<group>"; };
		9B7168532A64BB8E00BCFF2F /* Stats.hpp */ = {isa = PBXFileReference; lastKnownFileType = sourcecode.cpp.h; path = Stats.hpp; sourceTree = "<group>"; };
		9B7168552A64BBA800BCFF2F /* rainfall.cpp */ = {isa = PBXFileReference; lastKnownFileType = sourcecode.cpp.cpp; path = rainfall.cpp; sourceTree = "<group>"; };
		9B7168572A66011400BCFF2F /* umlDiagram.cpp */ = {isa = PBXFileReference; lastKnownFileType = sourcecode.cpp.cpp; path = umlDiagram.cpp; sourceTree = "<group>"; };
		9B7168592A6604A400BCFF2F /* umlDiagram.cpp */ = {isa = PBXFileReference; lastKnownFileType = sourcecode.cpp.cpp; path = umlDiagram.cpp; sourceTree = "<group>"; };
/* End PBXFileReference section */

/* Begin PBXFrameworksBuildPhase section */
		9B3AE2272A43FBC700FB9EB6 /* Frameworks */ = {
			isa = PBXFrameworksBuildPhase;
			buildActionMask = 2147483647;
			files = (
			);
			runOnlyForDeploymentPostprocessing = 0;
		};
/* End PBXFrameworksBuildPhase section */

/* Begin PBXGroup section */
		9B35269F2A4C709300FFD50F /* lab3 */ = {
			isa = PBXGroup;
			children = (
				9B3526EC2A52338B00FFD50F /* part2 */,
				9B3526EB2A52338100FFD50F /* part1 */,
			);
			path = lab3;
			sourceTree = "<group>";
		};
		9B3526A02A4C709B00FFD50F /* lab4 */ = {
			isa = PBXGroup;
			children = (
				9B3527052A5321B500FFD50F /* part2 */,
				9B3527042A5321AC00FFD50F /* part1 */,
			);
			path = lab4;
			sourceTree = "<group>";
		};
		9B3526EB2A52338100FFD50F /* part1 */ = {
			isa = PBXGroup;
			children = (
				9B3526A12A4C70AE00FFD50F /* main.cpp */,
			);
			path = part1;
			sourceTree = "<group>";
		};
		9B3526EC2A52338B00FFD50F /* part2 */ = {
			isa = PBXGroup;
			children = (
				9B3526ED2A52339A00FFD50F /* main.cpp */,
			);
			path = part2;
			sourceTree = "<group>";
		};
		9B3527042A5321AC00FFD50F /* part1 */ = {
			isa = PBXGroup;
			children = (
				9B3527022A53219000FFD50F /* play.cpp */,
				9B3527082A532CFA00FFD50F /* play.h */,
				9B3527092A532E0700FFD50F /* main.cpp */,
			);
			path = part1;
			sourceTree = "<group>";
		};
		9B3527052A5321B500FFD50F /* part2 */ = {
			isa = PBXGroup;
			children = (
				9B3527062A5321C200FFD50F /* main.cpp */,
			);
			path = part2;
			sourceTree = "<group>";
		};
		9B3AE2212A43FBC700FB9EB6 = {
			isa = PBXGroup;
			children = (
				9B7168442A64BB1B00BCFF2F /* lab7 */,
				9B7168342A60B4D800BCFF2F /* lab6 */,
				9B7168282A5D133900BCFF2F /* lab5 */,
				9B3AE2492A440B5800FB9EB6 /* format.cpp */,
				9B3526A02A4C709B00FFD50F /* lab4 */,
				9B35269F2A4C709300FFD50F /* lab3 */,
				9B3AE2362A43FBF600FB9EB6 /* lab2 */,
				9B3AE22C2A43FBC700FB9EB6 /* lab1 */,
				9B3AE22B2A43FBC700FB9EB6 /* Products */,
			);
			sourceTree = "<group>";
		};
		9B3AE22B2A43FBC700FB9EB6 /* Products */ = {
			isa = PBXGroup;
			children = (
				9B3AE22A2A43FBC700FB9EB6 /* labs */,
			);
			name = Products;
			sourceTree = "<group>";
		};
		9B3AE22C2A43FBC700FB9EB6 /* lab1 */ = {
			isa = PBXGroup;
			children = (
				9B3AE24D2A440DCC00FB9EB6 /* part5 */,
				9B3AE24C2A440DBE00FB9EB6 /* part4 */,
				9B3AE2462A440B1900FB9EB6 /* part3 */,
				9B3AE23A2A44048500FB9EB6 /* part2 */,
				9B3AE2392A44046B00FB9EB6 /* part1 */,
			);
			path = lab1;
			sourceTree = "<group>";
		};
		9B3AE2362A43FBF600FB9EB6 /* lab2 */ = {
			isa = PBXGroup;
			children = (
				9B35269D2A4B1C6F00FFD50F /* main.cpp */,
			);
			path = lab2;
			sourceTree = "<group>";
		};
		9B3AE2392A44046B00FB9EB6 /* part1 */ = {
			isa = PBXGroup;
			children = (
				9B3AE22D2A43FBC700FB9EB6 /* main.cpp */,
			);
			path = part1;
			sourceTree = "<group>";
		};
		9B3AE23A2A44048500FB9EB6 /* part2 */ = {
			isa = PBXGroup;
			children = (
				9B3AE2432A4407AA00FB9EB6 /* main.cpp */,
			);
			path = part2;
			sourceTree = "<group>";
		};
		9B3AE2462A440B1900FB9EB6 /* part3 */ = {
			isa = PBXGroup;
			children = (
				9B3AE2472A440B2A00FB9EB6 /* main.cpp */,
			);
			path = part3;
			sourceTree = "<group>";
		};
		9B3AE24C2A440DBE00FB9EB6 /* part4 */ = {
			isa = PBXGroup;
			children = (
				9B3AE24E2A440DDC00FB9EB6 /* main.cpp */,
			);
			path = part4;
			sourceTree = "<group>";
		};
		9B3AE24D2A440DCC00FB9EB6 /* part5 */ = {
			isa = PBXGroup;
			children = (
				9B3526872A44EEB200FFD50F /* main.cpp */,
			);
			path = part5;
			sourceTree = "<group>";
		};
		9B7168282A5D133900BCFF2F /* lab5 */ = {
			isa = PBXGroup;
			children = (
				9B7168292A5D134C00BCFF2F /* main.cpp */,
				9B71682A2A5D134C00BCFF2F /* string.h */,
				9B71682C2A5D1E9F00BCFF2F /* string.cpp */,
			);
			path = lab5;
			sourceTree = "<group>";
		};
		9B7168342A60B4D800BCFF2F /* lab6 */ = {
			isa = PBXGroup;
			children = (
				9B71683E2A64BAB600BCFF2F /* part2 */,
				9B71683D2A64BAAB00BCFF2F /* part1 */,
			);
			path = lab6;
			sourceTree = "<group>";
		};
		9B71683D2A64BAAB00BCFF2F /* part1 */ = {
			isa = PBXGroup;
			children = (
				9B7168352A60B4E600BCFF2F /* main.cpp */,
				9B7168372A60B51A00BCFF2F /* lotto.cpp */,
				9B7168382A60B51A00BCFF2F /* lotto.h */,
			);
			path = part1;
			sourceTree = "<group>";
		};
		9B71683E2A64BAB600BCFF2F /* part2 */ = {
			isa = PBXGroup;
			children = (
				9B71683F2A64BAE200BCFF2F /* seats.cpp */,
				9B7168402A64BAE200BCFF2F /* seats.h */,
				9B7168422A64BAEF00BCFF2F /* main.cpp */,
			);
			path = part2;
			sourceTree = "<group>";
		};
		9B7168442A64BB1B00BCFF2F /* lab7 */ = {
			isa = PBXGroup;
			children = (
				9B7168512A64BB6800BCFF2F /* part3 */,
				9B71684B2A64BB4300BCFF2F /* part2 */,
				9B7168452A64BB2300BCFF2F /* part1 */,
			);
			path = lab7;
			sourceTree = "<group>";
		};
		9B7168452A64BB2300BCFF2F /* part1 */ = {
			isa = PBXGroup;
			children = (
				9B7168462A64BB3200BCFF2F /* circle.cpp */,
				9B7168472A64BB3200BCFF2F /* circle.h */,
				9B7168492A64BB3D00BCFF2F /* main.cpp */,
				9B7168572A66011400BCFF2F /* umlDiagram.cpp */,
			);
			path = part1;
			sourceTree = "<group>";
		};
		9B71684B2A64BB4300BCFF2F /* part2 */ = {
			isa = PBXGroup;
			children = (
				9B71684C2A64BB5900BCFF2F /* employee.cpp */,
				9B71684D2A64BB5900BCFF2F /* employee.h */,
				9B71684F2A64BB6300BCFF2F /* employeeTest.cpp */,
				9B7168592A6604A400BCFF2F /* umlDiagram.cpp */,
			);
			path = part2;
			sourceTree = "<group>";
		};
		9B7168512A64BB6800BCFF2F /* part3 */ = {
			isa = PBXGroup;
			children = (
				9B7168522A64BB8E00BCFF2F /* Stats.cpp */,
				9B7168532A64BB8E00BCFF2F /* Stats.hpp */,
				9B7168552A64BBA800BCFF2F /* rainfall.cpp */,
			);
			path = part3;
			sourceTree = "<group>";
		};
/* End PBXGroup section */

/* Begin PBXNativeTarget section */
		9B3AE2292A43FBC700FB9EB6 /* labs */ = {
			isa = PBXNativeTarget;
			buildConfigurationList = 9B3AE2312A43FBC700FB9EB6 /* Build configuration list for PBXNativeTarget "labs" */;
			buildPhases = (
				9B3AE2262A43FBC700FB9EB6 /* Sources */,
				9B3AE2272A43FBC700FB9EB6 /* Frameworks */,
				9B3AE2282A43FBC700FB9EB6 /* CopyFiles */,
			);
			buildRules = (
			);
			dependencies = (
			);
			name = labs;
			productName = labs;
			productReference = 9B3AE22A2A43FBC700FB9EB6 /* labs */;
			productType = "com.apple.product-type.tool";
		};
/* End PBXNativeTarget section */

/* Begin PBXProject section */
		9B3AE2222A43FBC700FB9EB6 /* Project object */ = {
			isa = PBXProject;
			attributes = {
				BuildIndependentTargetsInParallel = 1;
				LastUpgradeCheck = 1430;
				TargetAttributes = {
					9B3AE2292A43FBC700FB9EB6 = {
						CreatedOnToolsVersion = 14.3.1;
					};
				};
			};
			buildConfigurationList = 9B3AE2252A43FBC700FB9EB6 /* Build configuration list for PBXProject "labs" */;
			compatibilityVersion = "Xcode 14.0";
			developmentRegion = en;
			hasScannedForEncodings = 0;
			knownRegions = (
				en,
				Base,
			);
			mainGroup = 9B3AE2212A43FBC700FB9EB6;
			productRefGroup = 9B3AE22B2A43FBC700FB9EB6 /* Products */;
			projectDirPath = "";
			projectRoot = "";
			targets = (
				9B3AE2292A43FBC700FB9EB6 /* labs */,
			);
		};
/* End PBXProject section */

/* Begin PBXSourcesBuildPhase section */
		9B3AE2262A43FBC700FB9EB6 /* Sources */ = {
			isa = PBXSourcesBuildPhase;
			buildActionMask = 2147483647;
			files = (
				9B3AE24A2A440B5800FB9EB6 /* format.cpp in Sources */,
				9B3AE22E2A43FBC700FB9EB6 /* main.cpp in Sources */,
				9B7168432A64BAEF00BCFF2F /* main.cpp in Sources */,
				9B35270A2A532E0700FFD50F /* main.cpp in Sources */,
				9B71685A2A6604A400BCFF2F /* umlDiagram.cpp in Sources */,
				9B7168502A64BB6300BCFF2F /* employeeTest.cpp in Sources */,
				9B3526EE2A52339A00FFD50F /* main.cpp in Sources */,
				9B3526892A44EEB200FFD50F /* main.cpp in Sources */,
				9B7168482A64BB3200BCFF2F /* circle.cpp in Sources */,
				9B7168582A66011400BCFF2F /* umlDiagram.cpp in Sources */,
				9B7168412A64BAE200BCFF2F /* seats.cpp in Sources */,
				9B3527072A5321C200FFD50F /* main.cpp in Sources */,
				9B3AE2452A4407AA00FB9EB6 /* main.cpp in Sources */,
				9B35269E2A4B1C6F00FFD50F /* main.cpp in Sources */,
				9B7168362A60B4E600BCFF2F /* main.cpp in Sources */,
				9B3AE2502A440DDC00FB9EB6 /* main.cpp in Sources */,
				9B3526A22A4C70AE00FFD50F /* main.cpp in Sources */,
				9B71682B2A5D134C00BCFF2F /* main.cpp in Sources */,
				9B7168392A60B51A00BCFF2F /* lotto.cpp in Sources */,
				9B3527032A53219000FFD50F /* play.cpp in Sources */,
				9B71684E2A64BB5900BCFF2F /* employee.cpp in Sources */,
				9B71682D2A5D1E9F00BCFF2F /* string.cpp in Sources */,
				9B71684A2A64BB3D00BCFF2F /* main.cpp in Sources */,
				9B3AE2482A440B2A00FB9EB6 /* main.cpp in Sources */,
				9B7168562A64BBA800BCFF2F /* rainfall.cpp in Sources */,
				9B7168542A64BB8E00BCFF2F /* Stats.cpp in Sources */,
			);
			runOnlyForDeploymentPostprocessing = 0;
		};
/* End PBXSourcesBuildPhase section */

/* Begin XCBuildConfiguration section */
		9B3AE22F2A43FBC700FB9EB6 /* Debug */ = {
			isa = XCBuildConfiguration;
			buildSettings = {
				ALWAYS_SEARCH_USER_PATHS = NO;
				CLANG_ANALYZER_NONNULL = YES;
				CLANG_ANALYZER_NUMBER_OBJECT_CONVERSION = YES_AGGRESSIVE;
				CLANG_CXX_LANGUAGE_STANDARD = "gnu++20";
				CLANG_ENABLE_MODULES = YES;
				CLANG_ENABLE_OBJC_ARC = YES;
				CLANG_ENABLE_OBJC_WEAK = YES;
				CLANG_WARN_BLOCK_CAPTURE_AUTORELEASING = YES;
				CLANG_WARN_BOOL_CONVERSION = YES;
				CLANG_WARN_COMMA = YES;
				CLANG_WARN_CONSTANT_CONVERSION = YES;
				CLANG_WARN_DEPRECATED_OBJC_IMPLEMENTATIONS = YES;
				CLANG_WARN_DIRECT_OBJC_ISA_USAGE = YES_ERROR;
				CLANG_WARN_DOCUMENTATION_COMMENTS = YES;
				CLANG_WARN_EMPTY_BODY = YES;
				CLANG_WARN_ENUM_CONVERSION = YES;
				CLANG_WARN_INFINITE_RECURSION = YES;
				CLANG_WARN_INT_CONVERSION = YES;
				CLANG_WARN_NON_LITERAL_NULL_CONVERSION = YES;
				CLANG_WARN_OBJC_IMPLICIT_RETAIN_SELF = YES;
				CLANG_WARN_OBJC_LITERAL_CONVERSION = YES;
				CLANG_WARN_OBJC_ROOT_CLASS = YES_ERROR;
				CLANG_WARN_QUOTED_INCLUDE_IN_FRAMEWORK_HEADER = YES;
				CLANG_WARN_RANGE_LOOP_ANALYSIS = YES;
				CLANG_WARN_STRICT_PROTOTYPES = YES;
				CLANG_WARN_SUSPICIOUS_MOVE = YES;
				CLANG_WARN_UNGUARDED_AVAILABILITY = YES_AGGRESSIVE;
				CLANG_WARN_UNREACHABLE_CODE = YES;
				CLANG_WARN__DUPLICATE_METHOD_MATCH = YES;
				COPY_PHASE_STRIP = NO;
				DEBUG_INFORMATION_FORMAT = dwarf;
				ENABLE_STRICT_OBJC_MSGSEND = YES;
				ENABLE_TESTABILITY = YES;
				GCC_C_LANGUAGE_STANDARD = gnu11;
				GCC_DYNAMIC_NO_PIC = NO;
				GCC_NO_COMMON_BLOCKS = YES;
				GCC_OPTIMIZATION_LEVEL = 0;
				GCC_PREPROCESSOR_DEFINITIONS = (
					"DEBUG=1",
					"$(inherited)",
				);
				GCC_WARN_64_TO_32_BIT_CONVERSION = YES;
				GCC_WARN_ABOUT_RETURN_TYPE = YES_ERROR;
				GCC_WARN_UNDECLARED_SELECTOR = YES;
				GCC_WARN_UNINITIALIZED_AUTOS = YES_AGGRESSIVE;
				GCC_WARN_UNUSED_FUNCTION = YES;
				GCC_WARN_UNUSED_VARIABLE = YES;
				MACOSX_DEPLOYMENT_TARGET = 13.2;
				MTL_ENABLE_DEBUG_INFO = INCLUDE_SOURCE;
				MTL_FAST_MATH = YES;
				ONLY_ACTIVE_ARCH = YES;
				SDKROOT = macosx;
			};
			name = Debug;
		};
		9B3AE2302A43FBC700FB9EB6 /* Release */ = {
			isa = XCBuildConfiguration;
			buildSettings = {
				ALWAYS_SEARCH_USER_PATHS = NO;
				CLANG_ANALYZER_NONNULL = YES;
				CLANG_ANALYZER_NUMBER_OBJECT_CONVERSION = YES_AGGRESSIVE;
				CLANG_CXX_LANGUAGE_STANDARD = "gnu++20";
				CLANG_ENABLE_MODULES = YES;
				CLANG_ENABLE_OBJC_ARC = YES;
				CLANG_ENABLE_OBJC_WEAK = YES;
				CLANG_WARN_BLOCK_CAPTURE_AUTORELEASING = YES;
				CLANG_WARN_BOOL_CONVERSION = YES;
				CLANG_WARN_COMMA = YES;
				CLANG_WARN_CONSTANT_CONVERSION = YES;
				CLANG_WARN_DEPRECATED_OBJC_IMPLEMENTATIONS = YES;
				CLANG_WARN_DIRECT_OBJC_ISA_USAGE = YES_ERROR;
				CLANG_WARN_DOCUMENTATION_COMMENTS = YES;
				CLANG_WARN_EMPTY_BODY = YES;
				CLANG_WARN_ENUM_CONVERSION = YES;
				CLANG_WARN_INFINITE_RECURSION = YES;
				CLANG_WARN_INT_CONVERSION = YES;
				CLANG_WARN_NON_LITERAL_NULL_CONVERSION = YES;
				CLANG_WARN_OBJC_IMPLICIT_RETAIN_SELF = YES;
				CLANG_WARN_OBJC_LITERAL_CONVERSION = YES;
				CLANG_WARN_OBJC_ROOT_CLASS = YES_ERROR;
				CLANG_WARN_QUOTED_INCLUDE_IN_FRAMEWORK_HEADER = YES;
				CLANG_WARN_RANGE_LOOP_ANALYSIS = YES;
				CLANG_WARN_STRICT_PROTOTYPES = YES;
				CLANG_WARN_SUSPICIOUS_MOVE = YES;
				CLANG_WARN_UNGUARDED_AVAILABILITY = YES_AGGRESSIVE;
				CLANG_WARN_UNREACHABLE_CODE = YES;
				CLANG_WARN__DUPLICATE_METHOD_MATCH = YES;
				COPY_PHASE_STRIP = NO;
				DEBUG_INFORMATION_FORMAT = "dwarf-with-dsym";
				ENABLE_NS_ASSERTIONS = NO;
				ENABLE_STRICT_OBJC_MSGSEND = YES;
				GCC_C_LANGUAGE_STANDARD = gnu11;
				GCC_NO_COMMON_BLOCKS = YES;
				GCC_WARN_64_TO_32_BIT_CONVERSION = YES;
				GCC_WARN_ABOUT_RETURN_TYPE = YES_ERROR;
				GCC_WARN_UNDECLARED_SELECTOR = YES;
				GCC_WARN_UNINITIALIZED_AUTOS = YES_AGGRESSIVE;
				GCC_WARN_UNUSED_FUNCTION = YES;
				GCC_WARN_UNUSED_VARIABLE = YES;
				MACOSX_DEPLOYMENT_TARGET = 13.2;
				MTL_ENABLE_DEBUG_INFO = NO;
				MTL_FAST_MATH = YES;
				SDKROOT = macosx;
			};
			name = Release;
		};
		9B3AE2322A43FBC700FB9EB6 /* Debug */ = {
			isa = XCBuildConfiguration;
			buildSettings = {
				CODE_SIGN_STYLE = Automatic;
				PRODUCT_NAME = "$(TARGET_NAME)";
			};
			name = Debug;
		};
		9B3AE2332A43FBC700FB9EB6 /* Release */ = {
			isa = XCBuildConfiguration;
			buildSettings = {
				CODE_SIGN_STYLE = Automatic;
				PRODUCT_NAME = "$(TARGET_NAME)";
			};
			name = Release;
		};
/* End XCBuildConfiguration section */

/* Begin XCConfigurationList section */
		9B3AE2252A43FBC700FB9EB6 /* Build configuration list for PBXProject "labs" */ = {
			isa = XCConfigurationList;
			buildConfigurations = (
				9B3AE22F2A43FBC700FB9EB6 /* Debug */,
				9B3AE2302A43FBC700FB9EB6 /* Release */,
			);
			defaultConfigurationIsVisible = 0;
			defaultConfigurationName = Release;
		};
		9B3AE2312A43FBC700FB9EB6 /* Build configuration list for PBXNativeTarget "labs" */ = {
			isa = XCConfigurationList;
			buildConfigurations = (
				9B3AE2322A43FBC700FB9EB6 /* Debug */,
				9B3AE2332A43FBC700FB9EB6 /* Release */,
			);
			defaultConfigurationIsVisible = 0;
			defaultConfigurationName = Release;
		};
/* End XCConfigurationList section */
	};
	rootObject = 9B3AE2222A43FBC700FB9EB6 /* Project object */;
}
