// !$*UTF8*$!
{
	archiveVersion = 1;
	classes = {
	};
	objectVersion = 56;
	objects = {

/* Begin PBXBuildFile section */
		9B3526EA2A521CFF00FFD50F /* main.cpp in Sources */ = {isa = PBXBuildFile; fileRef = 9B3526E92A521CFF00FFD50F /* main.cpp */; };
		9B35270E2A53727A00FFD50F /* main.cpp in Sources */ = {isa = PBXBuildFile; fileRef = 9B35270D2A53727A00FFD50F /* main.cpp */; };
		9B3AE2142A43D41E00FB9EB6 /* main.cpp in Sources */ = {isa = PBXBuildFile; fileRef = 9B3AE2132A43D41E00FB9EB6 /* main.cpp */; };
		9B3AE2202A43D52C00FB9EB6 /* main.cpp in Sources */ = {isa = PBXBuildFile; fileRef = 9B3AE21E2A43D52C00FB9EB6 /* main.cpp */; };
/* End PBXBuildFile section */

/* Begin PBXCopyFilesBuildPhase section */
		9B3AE20E2A43D41E00FB9EB6 /* CopyFiles */ = {
			isa = PBXCopyFilesBuildPhase;
			buildActionMask = 2147483647;
			dstPath = /usr/share/man/man1/;
			dstSubfolderSpec = 0;
			files = (
			);
			runOnlyForDeploymentPostprocessing = 1;
		};
/* End PBXCopyFilesBuildPhase section */

/* Begin PBXFileReference section */
		9B3526E92A521CFF00FFD50F /* main.cpp */ = {isa = PBXFileReference; lastKnownFileType = sourcecode.cpp.cpp; path = main.cpp; sourceTree = "<group>"; };
		9B35270D2A53727A00FFD50F /* main.cpp */ = {isa = PBXFileReference; lastKnownFileType = sourcecode.cpp.cpp; path = main.cpp; sourceTree = "<group>"; };
		9B3AE2102A43D41E00FB9EB6 /* discussions */ = {isa = PBXFileReference; explicitFileType = "compiled.mach-o.executable"; includeInIndex = 0; path = discussions; sourceTree = BUILT_PRODUCTS_DIR; };
		9B3AE2132A43D41E00FB9EB6 /* main.cpp */ = {isa = PBXFileReference; lastKnownFileType = sourcecode.cpp.cpp; path = main.cpp; sourceTree = "<group>"; };
		9B3AE21E2A43D52C00FB9EB6 /* main.cpp */ = {isa = PBXFileReference; lastKnownFileType = sourcecode.cpp.cpp; path = main.cpp; sourceTree = "<group>"; };
/* End PBXFileReference section */

/* Begin PBXFrameworksBuildPhase section */
		9B3AE20D2A43D41E00FB9EB6 /* Frameworks */ = {
			isa = PBXFrameworksBuildPhase;
			buildActionMask = 2147483647;
			files = (
			);
			runOnlyForDeploymentPostprocessing = 0;
		};
/* End PBXFrameworksBuildPhase section */

/* Begin PBXGroup section */
		9B3526E82A521CEA00FFD50F /* discussion4 */ = {
			isa = PBXGroup;
			children = (
				9B3526E92A521CFF00FFD50F /* main.cpp */,
			);
			path = discussion4;
			sourceTree = "<group>";
		};
		9B35270C2A53725D00FFD50F /* discussion5 */ = {
			isa = PBXGroup;
			children = (
				9B35270D2A53727A00FFD50F /* main.cpp */,
			);
			path = discussion5;
			sourceTree = "<group>";
		};
		9B3AE2072A43D41E00FB9EB6 = {
			isa = PBXGroup;
			children = (
				9B35270C2A53725D00FFD50F /* discussion5 */,
				9B3526E82A521CEA00FFD50F /* discussion4 */,
				9B3AE21D2A43D50F00FB9EB6 /* discussion2 */,
				9B3AE2122A43D41E00FB9EB6 /* discussion1 */,
				9B3AE2112A43D41E00FB9EB6 /* Products */,
			);
			sourceTree = "<group>";
		};
		9B3AE2112A43D41E00FB9EB6 /* Products */ = {
			isa = PBXGroup;
			children = (
				9B3AE2102A43D41E00FB9EB6 /* discussions */,
			);
			name = Products;
			sourceTree = "<group>";
		};
		9B3AE2122A43D41E00FB9EB6 /* discussion1 */ = {
			isa = PBXGroup;
			children = (
				9B3AE2132A43D41E00FB9EB6 /* main.cpp */,
			);
			path = discussion1;
			sourceTree = "<group>";
		};
		9B3AE21D2A43D50F00FB9EB6 /* discussion2 */ = {
			isa = PBXGroup;
			children = (
				9B3AE21E2A43D52C00FB9EB6 /* main.cpp */,
			);
			path = discussion2;
			sourceTree = "<group>";
		};
/* End PBXGroup section */

/* Begin PBXNativeTarget section */
		9B3AE20F2A43D41E00FB9EB6 /* discussions */ = {
			isa = PBXNativeTarget;
			buildConfigurationList = 9B3AE2172A43D41E00FB9EB6 /* Build configuration list for PBXNativeTarget "discussions" */;
			buildPhases = (
				9B3AE20C2A43D41E00FB9EB6 /* Sources */,
				9B3AE20D2A43D41E00FB9EB6 /* Frameworks */,
				9B3AE20E2A43D41E00FB9EB6 /* CopyFiles */,
			);
			buildRules = (
			);
			dependencies = (
			);
			name = discussions;
			productName = discussions;
			productReference = 9B3AE2102A43D41E00FB9EB6 /* discussions */;
			productType = "com.apple.product-type.tool";
		};
/* End PBXNativeTarget section */

/* Begin PBXProject section */
		9B3AE2082A43D41E00FB9EB6 /* Project object */ = {
			isa = PBXProject;
			attributes = {
				BuildIndependentTargetsInParallel = 1;
				LastUpgradeCheck = 1430;
				TargetAttributes = {
					9B3AE20F2A43D41E00FB9EB6 = {
						CreatedOnToolsVersion = 14.3.1;
					};
				};
			};
			buildConfigurationList = 9B3AE20B2A43D41E00FB9EB6 /* Build configuration list for PBXProject "discussions" */;
			compatibilityVersion = "Xcode 14.0";
			developmentRegion = en;
			hasScannedForEncodings = 0;
			knownRegions = (
				en,
				Base,
			);
			mainGroup = 9B3AE2072A43D41E00FB9EB6;
			productRefGroup = 9B3AE2112A43D41E00FB9EB6 /* Products */;
			projectDirPath = "";
			projectRoot = "";
			targets = (
				9B3AE20F2A43D41E00FB9EB6 /* discussions */,
			);
		};
/* End PBXProject section */

/* Begin PBXSourcesBuildPhase section */
		9B3AE20C2A43D41E00FB9EB6 /* Sources */ = {
			isa = PBXSourcesBuildPhase;
			buildActionMask = 2147483647;
			files = (
				9B3AE2202A43D52C00FB9EB6 /* main.cpp in Sources */,
				9B3AE2142A43D41E00FB9EB6 /* main.cpp in Sources */,
				9B35270E2A53727A00FFD50F /* main.cpp in Sources */,
				9B3526EA2A521CFF00FFD50F /* main.cpp in Sources */,
			);
			runOnlyForDeploymentPostprocessing = 0;
		};
/* End PBXSourcesBuildPhase section */

/* Begin XCBuildConfiguration section */
		9B3AE2152A43D41E00FB9EB6 /* Debug */ = {
			isa = XCBuildConfiguration;
			buildSettings = {
				ALWAYS_SEARCH_USER_PATHS = NO;
				CLANG_ANALYZER_NONNULL = YES;
				CLANG_ANALYZER_NUMBER_OBJECT_CONVERSION = YES_AGGRESSIVE;
				CLANG_CXX_LANGUAGE_STANDARD = "gnu++20";
				CLANG_ENABLE_MODULES = YES;
				CLANG_ENABLE_OBJC_ARC = YES;
				CLANG_ENABLE_OBJC_WEAK = YES;
				CLANG_WARN_BLOCK_CAPTURE_AUTORELEASING = YES;
				CLANG_WARN_BOOL_CONVERSION = YES;
				CLANG_WARN_COMMA = YES;
				CLANG_WARN_CONSTANT_CONVERSION = YES;
				CLANG_WARN_DEPRECATED_OBJC_IMPLEMENTATIONS = YES;
				CLANG_WARN_DIRECT_OBJC_ISA_USAGE = YES_ERROR;
				CLANG_WARN_DOCUMENTATION_COMMENTS = YES;
				CLANG_WARN_EMPTY_BODY = YES;
				CLANG_WARN_ENUM_CONVERSION = YES;
				CLANG_WARN_INFINITE_RECURSION = YES;
				CLANG_WARN_INT_CONVERSION = YES;
				CLANG_WARN_NON_LITERAL_NULL_CONVERSION = YES;
				CLANG_WARN_OBJC_IMPLICIT_RETAIN_SELF = YES;
				CLANG_WARN_OBJC_LITERAL_CONVERSION = YES;
				CLANG_WARN_OBJC_ROOT_CLASS = YES_ERROR;
				CLANG_WARN_QUOTED_INCLUDE_IN_FRAMEWORK_HEADER = YES;
				CLANG_WARN_RANGE_LOOP_ANALYSIS = YES;
				CLANG_WARN_STRICT_PROTOTYPES = YES;
				CLANG_WARN_SUSPICIOUS_MOVE = YES;
				CLANG_WARN_UNGUARDED_AVAILABILITY = YES_AGGRESSIVE;
				CLANG_WARN_UNREACHABLE_CODE = YES;
				CLANG_WARN__DUPLICATE_METHOD_MATCH = YES;
				COPY_PHASE_STRIP = NO;
				DEBUG_INFORMATION_FORMAT = dwarf;
				ENABLE_STRICT_OBJC_MSGSEND = YES;
				ENABLE_TESTABILITY = YES;
				GCC_C_LANGUAGE_STANDARD = gnu11;
				GCC_DYNAMIC_NO_PIC = NO;
				GCC_NO_COMMON_BLOCKS = YES;
				GCC_OPTIMIZATION_LEVEL = 0;
				GCC_PREPROCESSOR_DEFINITIONS = (
					"DEBUG=1",
					"$(inherited)",
				);
				GCC_WARN_64_TO_32_BIT_CONVERSION = YES;
				GCC_WARN_ABOUT_RETURN_TYPE = YES_ERROR;
				GCC_WARN_UNDECLARED_SELECTOR = YES;
				GCC_WARN_UNINITIALIZED_AUTOS = YES_AGGRESSIVE;
				GCC_WARN_UNUSED_FUNCTION = YES;
				GCC_WARN_UNUSED_VARIABLE = YES;
				MACOSX_DEPLOYMENT_TARGET = 13.2;
				MTL_ENABLE_DEBUG_INFO = INCLUDE_SOURCE;
				MTL_FAST_MATH = YES;
				ONLY_ACTIVE_ARCH = YES;
				SDKROOT = macosx;
			};
			name = Debug;
		};
		9B3AE2162A43D41E00FB9EB6 /* Release */ = {
			isa = XCBuildConfiguration;
			buildSettings = {
				ALWAYS_SEARCH_USER_PATHS = NO;
				CLANG_ANALYZER_NONNULL = YES;
				CLANG_ANALYZER_NUMBER_OBJECT_CONVERSION = YES_AGGRESSIVE;
				CLANG_CXX_LANGUAGE_STANDARD = "gnu++20";
				CLANG_ENABLE_MODULES = YES;
				CLANG_ENABLE_OBJC_ARC = YES;
				CLANG_ENABLE_OBJC_WEAK = YES;
				CLANG_WARN_BLOCK_CAPTURE_AUTORELEASING = YES;
				CLANG_WARN_BOOL_CONVERSION = YES;
				CLANG_WARN_COMMA = YES;
				CLANG_WARN_CONSTANT_CONVERSION = YES;
				CLANG_WARN_DEPRECATED_OBJC_IMPLEMENTATIONS = YES;
				CLANG_WARN_DIRECT_OBJC_ISA_USAGE = YES_ERROR;
				CLANG_WARN_DOCUMENTATION_COMMENTS = YES;
				CLANG_WARN_EMPTY_BODY = YES;
				CLANG_WARN_ENUM_CONVERSION = YES;
				CLANG_WARN_INFINITE_RECURSION = YES;
				CLANG_WARN_INT_CONVERSION = YES;
				CLANG_WARN_NON_LITERAL_NULL_CONVERSION = YES;
				CLANG_WARN_OBJC_IMPLICIT_RETAIN_SELF = YES;
				CLANG_WARN_OBJC_LITERAL_CONVERSION = YES;
				CLANG_WARN_OBJC_ROOT_CLASS = YES_ERROR;
				CLANG_WARN_QUOTED_INCLUDE_IN_FRAMEWORK_HEADER = YES;
				CLANG_WARN_RANGE_LOOP_ANALYSIS = YES;
				CLANG_WARN_STRICT_PROTOTYPES = YES;
				CLANG_WARN_SUSPICIOUS_MOVE = YES;
				CLANG_WARN_UNGUARDED_AVAILABILITY = YES_AGGRESSIVE;
				CLANG_WARN_UNREACHABLE_CODE = YES;
				CLANG_WARN__DUPLICATE_METHOD_MATCH = YES;
				COPY_PHASE_STRIP = NO;
				DEBUG_INFORMATION_FORMAT = "dwarf-with-dsym";
				ENABLE_NS_ASSERTIONS = NO;
				ENABLE_STRICT_OBJC_MSGSEND = YES;
				GCC_C_LANGUAGE_STANDARD = gnu11;
				GCC_NO_COMMON_BLOCKS = YES;
				GCC_WARN_64_TO_32_BIT_CONVERSION = YES;
				GCC_WARN_ABOUT_RETURN_TYPE = YES_ERROR;
				GCC_WARN_UNDECLARED_SELECTOR = YES;
				GCC_WARN_UNINITIALIZED_AUTOS = YES_AGGRESSIVE;
				GCC_WARN_UNUSED_FUNCTION = YES;
				GCC_WARN_UNUSED_VARIABLE = YES;
				MACOSX_DEPLOYMENT_TARGET = 13.2;
				MTL_ENABLE_DEBUG_INFO = NO;
				MTL_FAST_MATH = YES;
				SDKROOT = macosx;
			};
			name = Release;
		};
		9B3AE2182A43D41E00FB9EB6 /* Debug */ = {
			isa = XCBuildConfiguration;
			buildSettings = {
				CODE_SIGN_STYLE = Automatic;
				PRODUCT_NAME = "$(TARGET_NAME)";
			};
			name = Debug;
		};
		9B3AE2192A43D41E00FB9EB6 /* Release */ = {
			isa = XCBuildConfiguration;
			buildSettings = {
				CODE_SIGN_STYLE = Automatic;
				PRODUCT_NAME = "$(TARGET_NAME)";
			};
			name = Release;
		};
/* End XCBuildConfiguration section */

/* Begin XCConfigurationList section */
		9B3AE20B2A43D41E00FB9EB6 /* Build configuration list for PBXProject "discussions" */ = {
			isa = XCConfigurationList;
			buildConfigurations = (
				9B3AE2152A43D41E00FB9EB6 /* Debug */,
				9B3AE2162A43D41E00FB9EB6 /* Release */,
			);
			defaultConfigurationIsVisible = 0;
			defaultConfigurationName = Release;
		};
		9B3AE2172A43D41E00FB9EB6 /* Build configuration list for PBXNativeTarget "discussions" */ = {
			isa = XCConfigurationList;
			buildConfigurations = (
				9B3AE2182A43D41E00FB9EB6 /* Debug */,
				9B3AE2192A43D41E00FB9EB6 /* Release */,
			);
			defaultConfigurationIsVisible = 0;
			defaultConfigurationName = Release;
		};
/* End XCConfigurationList section */
	};
	rootObject = 9B3AE2082A43D41E00FB9EB6 /* Project object */;
}
